{
  "version": "2",
  "remote": {
    "https://cdn.jsdelivr.net/gh/drashland/drash@v2.8.0/deps.ts": "138068d0c35380fadafbe2e86a8049b5b521d0cb7275303c63aca7de5bfbe43a",
    "https://cdn.jsdelivr.net/gh/drashland/drash@v2.8.0/mod.ts": "50f2998206b965d11989f39cc4575773e8668fb0197499d34d0c88349745eb2b",
    "https://cdn.jsdelivr.net/gh/drashland/drash@v2.8.0/src/dictionaries/mime_db.ts": "8c79952548980ff80977b0e245ac249042b18c78986959ece1c18f07f31a9a3e",
    "https://cdn.jsdelivr.net/gh/drashland/drash@v2.8.0/src/dictionaries/mime_types.ts": "043c061375a750c7ae2c9bfd30d46063a5868fb93673ed4f5f09f2434d5defa5",
    "https://cdn.jsdelivr.net/gh/drashland/drash@v2.8.0/src/errors.ts": "c104be43d9a9f714bdb5ac29cdb95ce72b6ce110858973dbbe2381dc4898fb57",
    "https://cdn.jsdelivr.net/gh/drashland/drash@v2.8.0/src/http/error_handler.ts": "c03d6bdbe95a611a0fde8b24469933ba6046f8dda69c7fa1949c40be89a6363a",
    "https://cdn.jsdelivr.net/gh/drashland/drash@v2.8.0/src/http/request.ts": "e9aa8085559a7df281a7a249ed9dd1edb8dad3e46782eba2cea54c85054ebe08",
    "https://cdn.jsdelivr.net/gh/drashland/drash@v2.8.0/src/http/resource.ts": "ba5cb8af6f7896cc3def5981f6e2edc6021cfbfbdba3cb4b41e6eadf759984c3",
    "https://cdn.jsdelivr.net/gh/drashland/drash@v2.8.0/src/http/response.ts": "1e40806f2fcbd958ccbdd90ead24436d013a33f07c57cf652e04763699a44c60",
    "https://cdn.jsdelivr.net/gh/drashland/drash@v2.8.0/src/http/server.ts": "6cb8d43d984674a00df5e36fc710c6049601b162cd7d98e4dd164ba8ce0fa47c",
    "https://cdn.jsdelivr.net/gh/drashland/drash@v2.8.0/src/http/service.ts": "f7e3854b10915e9621d496558137e677745bcad7e9eabd4a1a6365fc499ba82e",
    "https://cdn.jsdelivr.net/gh/drashland/drash@v2.8.0/src/interfaces.ts": "364a154de4429e27bbb4b1111d2ab9192ac053cee0ed1644d742fdd45fbd4b1f",
    "https://cdn.jsdelivr.net/gh/drashland/drash@v2.8.0/src/services/cors/cors.ts": "c5bcaafb82bbb87c9574105df10cae05a313cac2922eeb4fbab4455767560ace",
    "https://cdn.jsdelivr.net/gh/drashland/drash@v2.8.0/src/services/cors/deps.ts": "69083fa30f2e7503aa51791c0608780d543eb0c538641d02daa0bad239c36f9c",
    "https://cdn.jsdelivr.net/gh/drashland/drash@v2.8.0/src/types.ts": "f46cf6c6dda93cf59b2b8730fcb8534f969bf4e3e6cde233be449d4b0b9816a8",
    "https://cdn.skypack.dev/-/@dimforge/rapier3d-compat@v0.11.2-2ynsEzwjLv57bqvhulDB/dist=es2019,mode=imports/optimized/@dimforge/rapier3d-compat.js": "7e27b60b92be8a63cee92af018d5690f2cb2c2e36a253e943fe023368f6a59b8",
    "https://cdn.skypack.dev/@dimforge/rapier3d-compat": "5c86b263e29e4ac3b3b5cc4a947b5da92021d87b7083995b70a8459411eeb5d8",
    "https://deno.land/std@0.154.0/_util/assert.ts": "e94f2eb37cebd7f199952e242c77654e43333c1ac4c5c700e929ea3aa5489f74",
    "https://deno.land/std@0.154.0/_wasm_crypto/lib/deno_std_wasm_crypto.generated.mjs": "dfcd6777d05345362c70f9f2c49abba3ed3f925fccfcf725abe2d16d51819433",
    "https://deno.land/std@0.154.0/_wasm_crypto/mod.ts": "6c60d332716147ded0eece0861780678d51b560f533b27db2e15c64a4ef83665",
    "https://deno.land/std@0.154.0/async/deferred.ts": "c01de44b9192359cebd3fe93273fcebf9e95110bf3360023917da9a2d1489fae",
    "https://deno.land/std@0.154.0/bytes/bytes_list.ts": "aba5e2369e77d426b10af1de0dcc4531acecec27f9b9056f4f7bfbf8ac147ab4",
    "https://deno.land/std@0.154.0/bytes/equals.ts": "3c3558c3ae85526f84510aa2b48ab2ad7bdd899e2e0f5b7a8ffc85acb3a6043a",
    "https://deno.land/std@0.154.0/bytes/mod.ts": "763f97d33051cc3f28af1a688dfe2830841192a9fea0cbaa55f927b49d49d0bf",
    "https://deno.land/std@0.154.0/crypto/_fnv/fnv32.ts": "aa9bddead8c6345087d3abd4ef35fb9655622afc333fc41fff382b36e64280b5",
    "https://deno.land/std@0.154.0/crypto/_fnv/fnv64.ts": "625d7e7505b6cb2e9801b5fd6ed0a89256bac12b2bbb3e4664b85a88b0ec5bef",
    "https://deno.land/std@0.154.0/crypto/_fnv/index.ts": "a8f6a361b4c6d54e5e89c16098f99b6962a1dd6ad1307dbc97fa1ecac5d7060a",
    "https://deno.land/std@0.154.0/crypto/_fnv/util.ts": "4848313bed7f00f55be3cb080aa0583fc007812ba965b03e4009665bde614ce3",
    "https://deno.land/std@0.154.0/crypto/keystack.ts": "e481eed28007395e554a435e880fee83a5c73b9259ed8a135a75e4b1e4f381f7",
    "https://deno.land/std@0.154.0/crypto/mod.ts": "0ef11f063cd0f9759485a3c9051e15125e1bde3b47c23b47e79b6e13cfcf9481",
    "https://deno.land/std@0.154.0/crypto/timing_safe_equal.ts": "82a29b737bc8932d75d7a20c404136089d5d23629e94ba14efa98a8cc066c73e",
    "https://deno.land/std@0.154.0/encoding/base64.ts": "c57868ca7fa2fbe919f57f88a623ad34e3d970d675bdc1ff3a9d02bba7409db2",
    "https://deno.land/std@0.154.0/encoding/base64url.ts": "a5f82a9fa703bd85a5eb8e7c1296bc6529e601ebd9642cc2b5eaa6b38fa9e05a",
    "https://deno.land/std@0.154.0/encoding/hex.ts": "4cc5324417cbb4ac9b828453d35aed45b9cc29506fad658f1f138d981ae33795",
    "https://deno.land/std@0.154.0/fmt/colors.ts": "ff7dc9c9f33a72bd48bc24b21bbc1b4545d8494a431f17894dbc5fe92a938fc4",
    "https://deno.land/std@0.154.0/io/buffer.ts": "fae02290f52301c4e0188670e730cd902f9307fb732d79c4aa14ebdc82497289",
    "https://deno.land/std@0.154.0/io/files.ts": "d199ef64e918a256320ba8d8d44ae91de87c9077df8f8d6cca013f1b9fbbe285",
    "https://deno.land/std@0.154.0/io/mod.ts": "33507cf2460ab67d0d90fb5749fa6fecb33897642b49d54a6bb1ac81e4768f69",
    "https://deno.land/std@0.154.0/io/readers.ts": "45847ad404afd2f605eae1cff193f223462bc55eeb9ae313c2f3db28aada0fd6",
    "https://deno.land/std@0.154.0/io/streams.ts": "988a19155b52161f0035ce539e2f1d12edbc4c389fa7633da832a64e6edbe1a0",
    "https://deno.land/std@0.154.0/io/util.ts": "078da53bba767bec0d45f7da44411f6dbf269e51ef7fcfea5e3714e04681c674",
    "https://deno.land/std@0.154.0/io/writers.ts": "2e1c63ffd0cfba411b1fd8374609abff9ea86187c9d4d885d42e6fc20325ef0e",
    "https://deno.land/std@0.154.0/streams/conversion.ts": "fc4eb76a14148c43f0b85e903a5a1526391aa40ed9434dc21e34f88304eb823e",
    "https://deno.land/std@0.154.0/testing/_diff.ts": "141f978a283defc367eeee3ff7b58aa8763cf7c8e0c585132eae614468e9d7b8",
    "https://deno.land/std@0.154.0/testing/_format.ts": "cd11136e1797791045e639e9f0f4640d5b4166148796cad37e6ef75f7d7f3832",
    "https://deno.land/std@0.154.0/testing/asserts.ts": "ac295f7fd22a7af107580e2475402a8c386cb1bf18bf837ae266ac0665786026",
    "https://deno.land/std@0.175.0/_util/asserts.ts": "178dfc49a464aee693a7e285567b3d0b555dc805ff490505a8aae34f9cfb1462",
    "https://deno.land/std@0.175.0/async/abortable.ts": "73acfb3ed7261ce0d930dbe89e43db8d34e017b063cf0eaa7d215477bf53442e",
    "https://deno.land/std@0.175.0/async/deadline.ts": "b98e50d2c42399af03ad13bbb8cf59dadb9f0cd5d70648cc0c3b9202d75ab565",
    "https://deno.land/std@0.175.0/async/debounce.ts": "adab11d04ca38d699444ac8a9d9856b4155e8dda2afd07ce78276c01ea5a4332",
    "https://deno.land/std@0.175.0/async/deferred.ts": "42790112f36a75a57db4a96d33974a936deb7b04d25c6084a9fa8a49f135def8",
    "https://deno.land/std@0.175.0/async/delay.ts": "73aa04cec034c84fc748c7be49bb15cac3dd43a57174bfdb7a4aec22c248f0dd",
    "https://deno.land/std@0.175.0/async/mod.ts": "f04344fa21738e5ad6bea37a6bfffd57c617c2d372bb9f9dcfd118a1b622e576",
    "https://deno.land/std@0.175.0/async/mux_async_iterator.ts": "70c7f2ee4e9466161350473ad61cac0b9f115cff4c552eaa7ef9d50c4cbb4cc9",
    "https://deno.land/std@0.175.0/async/pool.ts": "fd082bd4aaf26445909889435a5c74334c017847842ec035739b4ae637ae8260",
    "https://deno.land/std@0.175.0/async/retry.ts": "5efa3ba450ac0c07a40a82e2df296287b5013755d232049efd7ea2244f15b20f",
    "https://deno.land/std@0.175.0/async/tee.ts": "47e42d35f622650b02234d43803d0383a89eb4387e1b83b5a40106d18ae36757",
    "https://deno.land/std@0.175.0/datetime/to_imf.ts": "851d072a1c86c7ec34c753e61b1951ceda50c9da805b170a0ecaea3b024dd266",
    "https://deno.land/std@0.175.0/http/cookie.ts": "4afa70654aee951b1b5a82b8939566843bf6eea605a961c7abc8e9705afd0a20",
    "https://deno.land/std@0.175.0/http/http_status.ts": "8a7bcfe3ac025199ad804075385e57f63d055b2aed539d943ccc277616d6f932",
    "https://deno.land/std@0.175.0/http/server.ts": "cbb17b594651215ba95c01a395700684e569c165a567e4e04bba327f41197433",
    "https://deno.land/std@0.180.0/_util/asserts.ts": "178dfc49a464aee693a7e285567b3d0b555dc805ff490505a8aae34f9cfb1462",
    "https://deno.land/std@0.180.0/_util/os.ts": "d932f56d41e4f6a6093d56044e29ce637f8dcc43c5a90af43504a889cf1775e3",
    "https://deno.land/std@0.180.0/fmt/colors.ts": "938c5d44d889fb82eff6c358bea8baa7e85950a16c9f6dae3ec3a7a729164471",
    "https://deno.land/std@0.180.0/fs/_util.ts": "65381f341af1ff7f40198cee15c20f59951ac26e51ddc651c5293e24f9ce6f32",
    "https://deno.land/std@0.180.0/fs/copy.ts": "14214efd94fc3aa6db1e4af2b4b9578e50f7362b7f3725d5a14ad259a5df26c8",
    "https://deno.land/std@0.180.0/fs/empty_dir.ts": "c3d2da4c7352fab1cf144a1ecfef58090769e8af633678e0f3fabaef98594688",
    "https://deno.land/std@0.180.0/fs/ensure_dir.ts": "dc64c4c75c64721d4e3fb681f1382f803ff3d2868f08563ff923fdd20d071c40",
    "https://deno.land/std@0.180.0/fs/ensure_file.ts": "c38602670bfaf259d86ca824a94e6cb9e5eb73757fefa4ebf43a90dd017d53d9",
    "https://deno.land/std@0.180.0/fs/ensure_link.ts": "c0f5b2f0ec094ed52b9128eccb1ee23362a617457aa0f699b145d4883f5b2fb4",
    "https://deno.land/std@0.180.0/fs/ensure_symlink.ts": "5006ab2f458159c56d689b53b1e48d57e05eeb1eaf64e677f7f76a30bc4fdba1",
    "https://deno.land/std@0.180.0/fs/eol.ts": "f1f2eb348a750c34500741987b21d65607f352cf7205f48f4319d417fff42842",
    "https://deno.land/std@0.180.0/fs/exists.ts": "b8c8a457b71e9d7f29b9d2f87aad8dba2739cbe637e8926d6ba6e92567875f8e",
    "https://deno.land/std@0.180.0/fs/expand_glob.ts": "e4f56259a0a70fe23f05215b00de3ac5e6ba46646ab2a06ebbe9b010f81c972a",
    "https://deno.land/std@0.180.0/fs/mod.ts": "bc3d0acd488cc7b42627044caf47d72019846d459279544e1934418955ba4898",
    "https://deno.land/std@0.180.0/fs/move.ts": "4cb47f880e3f0582c55e71c9f8b1e5e8cfaacb5e84f7390781dd563b7298ec19",
    "https://deno.land/std@0.180.0/fs/walk.ts": "ea95ffa6500c1eda6b365be488c056edc7c883a1db41ef46ec3bf057b1c0fe32",
    "https://deno.land/std@0.180.0/path/_constants.ts": "e49961f6f4f48039c0dfed3c3f93e963ca3d92791c9d478ac5b43183413136e0",
    "https://deno.land/std@0.180.0/path/_interface.ts": "6471159dfbbc357e03882c2266d21ef9afdb1e4aa771b0545e90db58a0ba314b",
    "https://deno.land/std@0.180.0/path/_util.ts": "d7abb1e0dea065f427b89156e28cdeb32b045870acdf865833ba808a73b576d0",
    "https://deno.land/std@0.180.0/path/common.ts": "ee7505ab01fd22de3963b64e46cff31f40de34f9f8de1fff6a1bd2fe79380000",
    "https://deno.land/std@0.180.0/path/glob.ts": "d479e0a695621c94d3fd7fe7abd4f9499caf32a8de13f25073451c6ef420a4e1",
    "https://deno.land/std@0.180.0/path/mod.ts": "4b83694ac500d7d31b0cdafc927080a53dc0c3027eb2895790fb155082b0d232",
    "https://deno.land/std@0.180.0/path/posix.ts": "8b7c67ac338714b30c816079303d0285dd24af6b284f7ad63da5b27372a2c94d",
    "https://deno.land/std@0.180.0/path/separator.ts": "0fb679739d0d1d7bf45b68dacfb4ec7563597a902edbaf3c59b50d5bcadd93b1",
    "https://deno.land/std@0.180.0/path/win32.ts": "d186344e5583bcbf8b18af416d13d82b35a317116e6460a5a3953508c3de5bba",
    "https://deno.land/x/denoflate@1.2.1/mod.ts": "f5628e44b80b3d80ed525afa2ba0f12408e3849db817d47a883b801f9ce69dd6",
    "https://deno.land/x/denoflate@1.2.1/pkg/denoflate.js": "b9f9ad9457d3f12f28b1fb35c555f57443427f74decb403113d67364e4f2caf4",
    "https://deno.land/x/denoflate@1.2.1/pkg/denoflate_bg.wasm.js": "d581956245407a2115a3d7e8d85a9641c032940a8e810acbd59ca86afd34d44d",
    "https://deno.land/x/esbuild@v0.18.0/mod.js": "ef6f332d1d96e5aee3eb12e9e9eccc64d9df4b500fbb1346bac6b8263fafb6c7",
    "https://deno.land/x/mongo@v0.31.2/deps.ts": "1b53a32fbc115195d74ab78e7d21026ea4b6590e5b558b388017cc1a9b8181e6",
    "https://deno.land/x/mongo@v0.31.2/mod.ts": "0989f34d08c40440b8786140abdaf863e964e23df5d1a80e661d3d4170d9d21e",
    "https://deno.land/x/mongo@v0.31.2/src/auth/base.ts": "7fe14cf0a63d6bbc4ba69a000a04b3b184d26842504d94652a6af2d0c9494944",
    "https://deno.land/x/mongo@v0.31.2/src/auth/mod.ts": "b161611bd5be9e9d1b4497227c8ea93ad4daadcd98038c9e5a707bc5da7a25ca",
    "https://deno.land/x/mongo@v0.31.2/src/auth/pbkdf2.ts": "1f1db192fd37869d118ab34780b64567ebcf0ad83a03ef28b3d740cae9adb47a",
    "https://deno.land/x/mongo@v0.31.2/src/auth/scram.ts": "187db02e94e7e5423ec902e87d6839028770dca57830dca7f154dcd22a959c0f",
    "https://deno.land/x/mongo@v0.31.2/src/auth/x509.ts": "a75b27c549707dd441434ae400a3e6a24da7fe7d4e0e80c9bb79dfc6426b651e",
    "https://deno.land/x/mongo@v0.31.2/src/client.ts": "368cac10b3df3bfbc2dfba468d1bbd1332c359a643e0bb81a13d7220a58b43ff",
    "https://deno.land/x/mongo@v0.31.2/src/cluster.ts": "cff69bf284a5c7fcaff231494f1ab56ca652e725e58622723e402fbb61448d0e",
    "https://deno.land/x/mongo@v0.31.2/src/collection/collection.ts": "840add0cd28f38e8036b8d56fab134f9cc5201be05579d431a90f5c2e5b7c24e",
    "https://deno.land/x/mongo@v0.31.2/src/collection/commands/aggregate.ts": "440906a670adb46edb36fd95573ffa83f192775108b621520be992165910e895",
    "https://deno.land/x/mongo@v0.31.2/src/collection/commands/find.ts": "5c3b750d8c82ce08d865a381bc71f600406cbc4912c4aa689238755579fb71f8",
    "https://deno.land/x/mongo@v0.31.2/src/collection/commands/list_indexes.ts": "d32a5120305d0547497026b4f5ab2ecc2f40ff7f44c405b99c2a0287765333f5",
    "https://deno.land/x/mongo@v0.31.2/src/collection/commands/update.ts": "cf352108a5dd34f0928c2196a432383d366b8ed292676c71358b9ecf1289418d",
    "https://deno.land/x/mongo@v0.31.2/src/collection/mod.ts": "bd791a0b9b46be4365f88c54893584eadec2f8cd799db9eb05e0b5b4c8d72b8e",
    "https://deno.land/x/mongo@v0.31.2/src/database.ts": "f8dfd72f824759b1970232f4f21b8d1c3a0ca0ca6495c1dba32061c50c07ffba",
    "https://deno.land/x/mongo@v0.31.2/src/error.ts": "8180a822b0831a94a6a28815865b5b40e3996220684bea60fcb81b272ddd06eb",
    "https://deno.land/x/mongo@v0.31.2/src/gridfs/bucket.ts": "a4452d63f6928f57486a214a499b54b80b98cc0d13e3d85a6841b34d5ff12a61",
    "https://deno.land/x/mongo@v0.31.2/src/gridfs/indexes.ts": "7d302114fb4d81c4a873614a51d11ddb8b471f967179dddb8269c39b3cadf4e3",
    "https://deno.land/x/mongo@v0.31.2/src/gridfs/upload.ts": "6a54a21b00c6f22ad0da6ceef7a2932dc600560f594c2551abd8e4a64976abae",
    "https://deno.land/x/mongo@v0.31.2/src/protocol/cursor.ts": "c370a28856fa236129cc2d7abf7ebc4ac6cdd60acb93e0e7371433f7332394cb",
    "https://deno.land/x/mongo@v0.31.2/src/protocol/handshake.ts": "3c3ba547d5322751b9756ce9a4750f3cf18febee0a64edca5b007634bd80e0fe",
    "https://deno.land/x/mongo@v0.31.2/src/protocol/header.ts": "0f28db842f886e57b7013606c1391affab2e2960a1a4568d2502e7b788117716",
    "https://deno.land/x/mongo@v0.31.2/src/protocol/message.ts": "b1121b98420c9a44783619c7a0b2f7bb2cb305dfc64adc3e6a9b7781f4d35a3a",
    "https://deno.land/x/mongo@v0.31.2/src/protocol/mod.ts": "4e24d563049c0a236234598ca786ca13778dc17fdb80ac543ac6c75d0c5094d7",
    "https://deno.land/x/mongo@v0.31.2/src/protocol/protocol.ts": "92568dd86e6ef3f54054113d9f5620f158fc1dfee2a7c9d13623975835d5996a",
    "https://deno.land/x/mongo@v0.31.2/src/types.ts": "c6b36e1751323b9eacee86372ba31715fe8e372d48b73a7c1ef69431c7a35b97",
    "https://deno.land/x/mongo@v0.31.2/src/types/geojson.ts": "14690e2fa1591939253ddc9de181b0664051e9462db131b72be5fb9d064dff44",
    "https://deno.land/x/mongo@v0.31.2/src/types/geospatial.ts": "c73ee13536365fa5d868b65ab47b3488a5f223a67e1e059761886f750db70ef9",
    "https://deno.land/x/mongo@v0.31.2/src/types/gridfs.ts": "e1fd12c3ca58d437267e7a8557d745d23b9d8916d1da34c1847e5e373728dfa0",
    "https://deno.land/x/mongo@v0.31.2/src/types/read_write_concern.ts": "d00f35eb85520e776741888685d08d479766a19e9a0a970b53f4594c9db00496",
    "https://deno.land/x/mongo@v0.31.2/src/utils/ns.ts": "fb0c57b8dc4d31f8993112d267dec3c163d3e8862198d1cd03b2b51bcc3caad9",
    "https://deno.land/x/mongo@v0.31.2/src/utils/saslprep/deps.ts": "95ceb81b353110526dacf2a98854bc79d6e17d7f173af8806e91c05555d7b8c7",
    "https://deno.land/x/mongo@v0.31.2/src/utils/saslprep/load_code_points.ts": "f6a4ef2eb2345eac40ffbf1a30661cca803f399865f2a0fadafb71f57d4c97bf",
    "https://deno.land/x/mongo@v0.31.2/src/utils/saslprep/memory_pager.ts": "f55a79a13ec569c21630c3915a9af0c6fc0aa2b899121fa2a85a813c6dd4afba",
    "https://deno.land/x/mongo@v0.31.2/src/utils/saslprep/mod.ts": "0a8a39a0784d065a79c54ce63d7d7b103d0b94addc5b7bcf985517ba2442c8a1",
    "https://deno.land/x/mongo@v0.31.2/src/utils/saslprep/sparse_bitfield.ts": "07d6fe2ecd4ba5f711c44c1ae409bb9c1fe3a3cfc09e27434d231d4aae46dd2d",
    "https://deno.land/x/mongo@v0.31.2/src/utils/srv.ts": "ed5f78ffe6480faac68291a87e51e3674eff5f28aec937ee97248e99e1317b16",
    "https://deno.land/x/mongo@v0.31.2/src/utils/uri.ts": "dcfab8e1dcfcc875c75ada1d9f366664480c03b65594990d6342ed88925452e5",
    "https://deno.land/x/web_bson@v0.3.0/mod.js": "8e14aecd31ee63abd30e2dbaa284b4b67abb7ba51fcef5b96af74727cb7c7940",
    "https://raw.githubusercontent.com/Pangeli70/apg-dir/master/lib/classes/ApgDirMarkdownMaker.ts": "09cd438191fa18d1648240bbec90ac2c7cd340ff3150236ea9cd6914bf0e3b71",
    "https://raw.githubusercontent.com/Pangeli70/apg-dir/master/lib/data/ApgDirEntries.ts": "66ecc2655a35529b22e35ff77ddc9e6fdff67b5d4b6241246ea789fdcd8b7744",
    "https://raw.githubusercontent.com/Pangeli70/apg-dir/master/lib/deps.ts": "7531418a83cf4a384957fa19992241aeed7a6401e3d5a8babe3f5804a77ecdad",
    "https://raw.githubusercontent.com/Pangeli70/apg-dir/master/lib/enums/eApgDirDeploys.ts": "92548ce006893711df06715cfa3752b36ab18e20fc0d504ba791af68bba4de5b",
    "https://raw.githubusercontent.com/Pangeli70/apg-dir/master/lib/enums/eApgDirEntriesIds.ts": "1270f1dddaa3588f7ba73fe5d7d8ac098976cac9773f67f65749f34e4cc6ec42",
    "https://raw.githubusercontent.com/Pangeli70/apg-dir/master/lib/interfaces/IApgDirEntry.ts": "cc48884c172c6a902cf6ab0192471dbf926c7361ae2cc179fdadf5efadbedb09",
    "https://raw.githubusercontent.com/Pangeli70/apg-dir/master/lib/interfaces/IApgDirServerInfo.ts": "83981ac1390ae6c5259bf81e64c18a1bb9c8abcb6beb3d785936d9fae5e475a5",
    "https://raw.githubusercontent.com/Pangeli70/apg-dir/master/lib/mod.ts": "dd633d6ecefced0253f67375f1a43cef8aa55be733ed14c38c7c92f8f4ef17cd",
    "https://raw.githubusercontent.com/Pangeli70/apg-dir/master/lib/statics/ApgDirServer.ts": "09943c8ce70f250c97ce0f7f8a8419404edf57622166d9f18184119617f50ea6",
    "https://raw.githubusercontent.com/Pangeli70/apg-dir/master/mod.ts": "29f34ea19ea3cb4d10e72c090b8c96e64397d3007a8c17e87ed52e35580149b3",
    "https://raw.githubusercontent.com/Pangeli70/apg-edr/master/lib/classes/ApgEdrService.ts": "79dd8bccf7c1010945aad1f750dec6715f11836d964e009f04867f1b07212c5e",
    "https://raw.githubusercontent.com/Pangeli70/apg-edr/master/lib/deps.ts": "f37ed8ddd52f7283ba362e4046e1446b253fe4600ead3cc797416ce7f2a751aa",
    "https://raw.githubusercontent.com/Pangeli70/apg-edr/master/lib/enums/eApgEdrParamTypes.ts": "0bb98e149d5a6c77c9f777d5b524dbb60c59d746a0bedd07e16e959e2d213eab",
    "https://raw.githubusercontent.com/Pangeli70/apg-edr/master/lib/imports/drashland.drash.ts": "33e1e5243667263ea1e677ec89d68697821e92d4e0f7464551b670e6b9c5150b",
    "https://raw.githubusercontent.com/Pangeli70/apg-edr/master/lib/interfaces/IApgEdrCacheableAsset.ts": "bbfae5dbd256d2f45aa446b40b7ff7977b6a8f778ddc1e2f43ff916d8e55e60c",
    "https://raw.githubusercontent.com/Pangeli70/apg-edr/master/lib/interfaces/IApgEdrEveryRequest.ts": "51b47fa2bfa249a043db82f916575fc25dd84cece7c6c06a59ea491b097e83a0",
    "https://raw.githubusercontent.com/Pangeli70/apg-edr/master/lib/interfaces/IApgEdrLoggableRequest.ts": "c05e29e31d744ca4966013b1d8878b1e929a4a1ca35999e0f352c17bfb0686ed",
    "https://raw.githubusercontent.com/Pangeli70/apg-edr/master/lib/interfaces/IApgEdrProtectedRequest.ts": "82e373a02b5018e439c1e01fdc7ab768b75185ac93d7547e633031aab6374c88",
    "https://raw.githubusercontent.com/Pangeli70/apg-edr/master/lib/interfaces/IApgEdrRequestParams.ts": "0b9fe2c20063e48499f900eb2572c645c38ba7783fd52d5eab627525ac5d301d",
    "https://raw.githubusercontent.com/Pangeli70/apg-edr/master/lib/mod.ts": "13e3b84c345b5698f53cd37481de35b3fa14b1843db0164b370bfac3f9c543ee",
    "https://raw.githubusercontent.com/Pangeli70/apg-edr/master/lib/resources/ApgEdrAssetBinFileResource.ts": "6b64a00bb15830c27e7ce0bfb49a5a53db1923cba8c0f28d9f203af5bb6b548e",
    "https://raw.githubusercontent.com/Pangeli70/apg-edr/master/lib/resources/ApgEdrAssetTextFileResource.ts": "f58e8c8edd0dd596ec806a900be263a701d920e11a4fdc328c96266bc4c10095",
    "https://raw.githubusercontent.com/Pangeli70/apg-edr/master/lib/resources/ApgEdrLoggableResource.ts": "2eb8500ed33ae124025f1305d5f0712ec45fe2c51e872a2deddb439dbf60165b",
    "https://raw.githubusercontent.com/Pangeli70/apg-edr/master/lib/resources/ApgEdrResource.ts": "d443e714446a89d27d710456ebf2e068d880211cea8810b5aad47844c4a999e8",
    "https://raw.githubusercontent.com/Pangeli70/apg-edr/master/lib/resources/ApgEdrStaticResource.ts": "67dd2b13546b3b49f105f1e4a2f5ef5508c4815d72b1668e3b905e94a75d2c26",
    "https://raw.githubusercontent.com/Pangeli70/apg-edr/master/lib/services/ApgEdrEveryReqService.ts": "3753963906c0e59ab681c5acbbaedfb415f2999159d0472212a57b231c3ad10f",
    "https://raw.githubusercontent.com/Pangeli70/apg-edr/master/lib/services/ApgEdrLoggableService.ts": "c5a984265d45661a1390750d608270a51d3ebec0260af83826ede708bc6d0abe",
    "https://raw.githubusercontent.com/Pangeli70/apg-edr/master/lib/services/ApgEdrParamsService.ts": "188d9dd9daba652cfad18706338e4791146e770bf3edffcb271d17cc0bdc99dd",
    "https://raw.githubusercontent.com/Pangeli70/apg-edr/master/lib/types/TApgEdrTypes.ts": "1c21e147931cd3f46b84a099f640202cbe72592c25407d507b7a7d3c0204015a",
    "https://raw.githubusercontent.com/Pangeli70/apg-edr/master/mod.ts": "73d35634e34b778feb4f775f00a156fe668d29df9896b87eb75b5bffe9ba21ff",
    "https://raw.githubusercontent.com/Pangeli70/apg-lgr/master/lib/classes/ApgLgr.ts": "c059a5272c8bb23f75393de513d2df515b9cdcbe42c5950c17e75f30e4481f63",
    "https://raw.githubusercontent.com/Pangeli70/apg-lgr/master/lib/classes/ApgLgrEvent.ts": "1a55594aefc0606363660428db03faab25565db0f1e68570be85dfa9f08a1b4b",
    "https://raw.githubusercontent.com/Pangeli70/apg-lgr/master/lib/classes/ApgLgrLoggable.ts": "69914179caf6cb11ee73a5b52e083ec43439d2b5dca234a9b330e66fc6746faa",
    "https://raw.githubusercontent.com/Pangeli70/apg-lgr/master/lib/classes/ApgLgrLogsFsService.ts": "e6e448524ce31a9ed2fe497cb649665b8e1d7e9e8ec3c1a60b1fbb17e1d3c171",
    "https://raw.githubusercontent.com/Pangeli70/apg-lgr/master/lib/classes/ApgLgrLogsMongoDbService.ts": "e7fe12dbf5ea1cd7d24d2ee75d4fc876d1337ee1319c4e2205a7f3628dba1132",
    "https://raw.githubusercontent.com/Pangeli70/apg-lgr/master/lib/classes/ApgLgrLogsService.ts": "becb6d23c3b44b7571130a5428d2111a69132bf00be31e99dafd894023fef553",
    "https://raw.githubusercontent.com/Pangeli70/apg-lgr/master/lib/deps.ts": "b2b3ae1ed052cf3f2aa25ba2e0b0f46d4ad1d92f939ca84326a55f3a51708ca5",
    "https://raw.githubusercontent.com/Pangeli70/apg-lgr/master/lib/enums/eApgLgrTransportTypes.ts": "aa4a28766ead94a725451b743d74faae57eb9ec28b890640c9fc82b28578c44b",
    "https://raw.githubusercontent.com/Pangeli70/apg-lgr/master/lib/interfaces/IApgLgr.ts": "4c27dedd7f604835cc57a9a2ee0750ded36fc1bb931752125671fba0cc506349",
    "https://raw.githubusercontent.com/Pangeli70/apg-lgr/master/lib/interfaces/IApgLgrEvent.ts": "a07a02960926d991e3588a549ff4833e8a7e3a9342877c6a114d69363b8def4e",
    "https://raw.githubusercontent.com/Pangeli70/apg-lgr/master/lib/interfaces/IApgLgrTransport.ts": "d4e3eda93035a54becda2f727fbbac639c3554c6c14a9a373666625c04960340",
    "https://raw.githubusercontent.com/Pangeli70/apg-lgr/master/lib/mod.ts": "a8a1198a3b1764ffbe21fde0ab6c1d1f90a4398b8ac778ff7a6785a8ef94ce5b",
    "https://raw.githubusercontent.com/Pangeli70/apg-lgr/master/mod.ts": "d07f9fdcb55f92f2d8bbdb339a56cfc061c8f5eddfe9d0d0b3954f39c86144cd",
    "https://raw.githubusercontent.com/Pangeli70/apg-mng/master/lib/classes/ApgMngAtlasService.ts": "d492e184865813db76bec8919fd74c4ac13372a73b7f3d89e07dec072d3e5726",
    "https://raw.githubusercontent.com/Pangeli70/apg-mng/master/lib/classes/ApgMngConnector.ts": "90f9e12eb806311984380eac48c87dde23cb2ac60dd74ccf9edcef38bd666ee6",
    "https://raw.githubusercontent.com/Pangeli70/apg-mng/master/lib/classes/ApgMngLocalService.ts": "fd2731f8e299ae41c3e2dc018f538d2372ad7e7c8d21c901ba0ac1fc6917b4a2",
    "https://raw.githubusercontent.com/Pangeli70/apg-mng/master/lib/classes/ApgMngService.ts": "2e158336853e135a2da0161bfaa5ccc47ff8444afa02276fbe2c4bf3e42e2fd6",
    "https://raw.githubusercontent.com/Pangeli70/apg-mng/master/lib/deps.ts": "34cdf43d64783f1639614811bc63c5b357820a8cd43b4cec851abb7730095cd3",
    "https://raw.githubusercontent.com/Pangeli70/apg-mng/master/lib/enums/eApgMngMode.ts": "7cc9487d6f3b1029eb57a65d80d5ef320f26070baa447292ea0455538b8da642",
    "https://raw.githubusercontent.com/Pangeli70/apg-mng/master/lib/interfaces/IApgMngUpdateResult.ts": "09dbe0f4071e0d86d69b7bc40fa8ff2a0fa3b20fa7f450b59a302a4d80c58655",
    "https://raw.githubusercontent.com/Pangeli70/apg-mng/master/lib/mod.ts": "a73f42538b5b2a35848ab31529872fea2d98039da9dfe8ce76bfbc1cd4f54273",
    "https://raw.githubusercontent.com/Pangeli70/apg-mng/master/lib/types/TApgMngInsertResult.ts": "0b3b86b02581f11c3cd6dd6db8aea2333a2eb5026aad2987319e7d86c7c6634c",
    "https://raw.githubusercontent.com/Pangeli70/apg-mng/master/mod.ts": "d504da2ab9f17ce41ca53c329ccb67e2ecc9f1147247f258a43351cb9df58d04",
    "https://raw.githubusercontent.com/Pangeli70/apg-rst/master/lib/classes/ApgRst.ts": "0edfee3c88ba16a204d79c6d48d467d064b35a2fc78ad94acc7427703a882f40",
    "https://raw.githubusercontent.com/Pangeli70/apg-rst/master/lib/classes/ApgRstAssert.ts": "11f4c397cfcaf89b8c0fc0b6bb17821bec698c17c81c4767b5b6ed5a1cff759d",
    "https://raw.githubusercontent.com/Pangeli70/apg-rst/master/lib/classes/ApgRstErrors.ts": "ef047796deed8bba59eb56c50697733c83565e387c5e1afbe992aa4d614c57d1",
    "https://raw.githubusercontent.com/Pangeli70/apg-rst/master/lib/deps.ts": "0cf697d5e719203e71e405737d3401f2b1067c3d43e284f42de1a2add44abb74",
    "https://raw.githubusercontent.com/Pangeli70/apg-rst/master/lib/interfaces/IApgRst.ts": "3aabf449f18efcb2f331b98ff6970320dec1d7af1836dd73692d2cf8f400156f",
    "https://raw.githubusercontent.com/Pangeli70/apg-rst/master/lib/interfaces/IApgRstCodedMessage.ts": "963b63a0f35a0f97c2c1a4dfe1c59eeb37a3a62db8915eb0d357924b06c4af03",
    "https://raw.githubusercontent.com/Pangeli70/apg-rst/master/lib/interfaces/IApgRstPayload.ts": "0d5b4eef395ac0da58739d385b7a182c06639d1abfb7c790c33e11d0918c2cb8",
    "https://raw.githubusercontent.com/Pangeli70/apg-rst/master/lib/mod.ts": "e7c5208e893c95f8da8b19de8ddcf593344abd4b53390d606f54cb477c355df9",
    "https://raw.githubusercontent.com/Pangeli70/apg-rst/master/lib/types/TApgRst.ts": "e7e070887a6535a4a371c6c92596597d7e12954f7e43c387f4839d3c0e603165",
    "https://raw.githubusercontent.com/Pangeli70/apg-rst/master/mod.ts": "ca46dcc812b5315ee2d946ede17d7fefa6989f8e7e3feac06d4d7cd3eec131e5",
    "https://raw.githubusercontent.com/Pangeli70/apg-tng/master/lib/classes/ApgTngService.ts": "c3b8c3ae2ef1ea315fd452558213576e8557e935a860d5ebd79b86aa1fe37da7",
    "https://raw.githubusercontent.com/Pangeli70/apg-tng/master/lib/deps.ts": "102d8493d86ced334aa8267c1907763787bd46128fcecff2b2fae3dff3ca89df",
    "https://raw.githubusercontent.com/Pangeli70/apg-tng/master/lib/enums/eApgTngMkpDictionary.ts": "2d93843faec87fd8e7d633da1627a088679f4352dc8767e451f31eba03c34c54",
    "https://raw.githubusercontent.com/Pangeli70/apg-tng/master/lib/interfaces/IApgTngServiceOptions.ts": "5c02d2ce4e928cd29920c7de4d34e0fa3877842c6537acd26dbbc34289a3fdd2",
    "https://raw.githubusercontent.com/Pangeli70/apg-tng/master/lib/mod.ts": "b58a9a901772e014be09265579017f9a7fc56fb1658c8f58f4efab0b82d6a2d5",
    "https://raw.githubusercontent.com/Pangeli70/apg-tng/master/lib/types/ApgTngTypes.ts": "c15829f005ed48a91b28af5ba0c35557c15c47d07105115259d39b04b4a232bd",
    "https://raw.githubusercontent.com/Pangeli70/apg-tng/master/mod.ts": "f3d7d21c64e5932c196b0cebf54e664128f538aa852871fefe16664dd6ba5e21",
    "https://raw.githubusercontent.com/Pangeli70/apg-uts/master/lib/classes/ApgUtsDateTimeStamp.ts": "42656f14024b971982352c6fa1e11f99beaa90ba6a4aecb7aefa71bb22c70248",
    "https://raw.githubusercontent.com/Pangeli70/apg-uts/master/lib/classes/ApgUtsMetaUrl.ts": "15fa404932fe1dea31418363513a43379d3a238ee3458d042e8457df5a6a8a68",
    "https://raw.githubusercontent.com/Pangeli70/apg-uts/master/lib/deps.ts": "ce819e4a2e4522cb07b718c6ff65a5131731711e547b363bc5e3d4ac345270a0",
    "https://raw.githubusercontent.com/Pangeli70/apg-uts/master/lib/deps/deno.land.std.ts": "46216c6319d4d9d70fc564e675a46496d05ddbced2ef9f35957aa6878d5da977",
    "https://raw.githubusercontent.com/Pangeli70/apg-uts/master/lib/enums/eApgUtsLogMode.ts": "eabf26953bea1b9b43cd94954d043649fd98c64c9b3d8c97a921b2275dece6fb",
    "https://raw.githubusercontent.com/Pangeli70/apg-uts/master/lib/enums/eApgUtsMagnitude.ts": "ffd24b30c88d09bf5a7c8e603ac56bda2a17527d4829e798d0e08386817de9cd",
    "https://raw.githubusercontent.com/Pangeli70/apg-uts/master/lib/interfaces/IApgUtsHyperlink.ts": "03c219d770d1b6334073ea9c79c89798f6f45c8431af70b2620d184f3dc18f87",
    "https://raw.githubusercontent.com/Pangeli70/apg-uts/master/lib/interfaces/IApgUtsHyperlinksGroup.ts": "9136a37455d3ce2fa6a7835918f9c5c7031f5f5d97d4cc03f165eb3bc0263f64",
    "https://raw.githubusercontent.com/Pangeli70/apg-uts/master/lib/mod.ts": "c61fb1ac19572e49a6e13bdbb8919a6a297490e426af7b2e09ee68b9edf8c8e9",
    "https://raw.githubusercontent.com/Pangeli70/apg-uts/master/lib/services/ApgUtsBaseService.ts": "cb279036f639845b2ca95256746faa54d8fdd03d6d5360a3a9df215f9a66ba07",
    "https://raw.githubusercontent.com/Pangeli70/apg-uts/master/lib/statics/ApgUtsEnum.ts": "6f2941bcb42bdce14a64a01d424742eeadc421e457e5f30ce208b74c985389dc",
    "https://raw.githubusercontent.com/Pangeli70/apg-uts/master/lib/statics/ApgUtsFs.ts": "d767b5b3a468336c93fc307c5df3554d5bdbe38ee07cecddcd8a9d130a8e72a3",
    "https://raw.githubusercontent.com/Pangeli70/apg-uts/master/lib/statics/ApgUtsIs.ts": "bb3c74dfe4c57cc364c87e02a18f117b3a57954fbfc4d54a8c5b49574659a0c3",
    "https://raw.githubusercontent.com/Pangeli70/apg-uts/master/lib/statics/ApgUtsJsonFile.ts": "32035bf63cd5810b4813791c11ab2375b3b40e4311c7f4aeefed5c7aad5dd829",
    "https://raw.githubusercontent.com/Pangeli70/apg-uts/master/lib/statics/ApgUtsMap.ts": "2fc076f60cf1ed8eb2c402356d197fd035bb80b2b7ec00d1b81a961d2cbbe570",
    "https://raw.githubusercontent.com/Pangeli70/apg-uts/master/lib/statics/ApgUtsMath.ts": "acfb815c44a641a2f1cecc465635b4ede17dd20348b3efee2bb04bf27c11c467",
    "https://raw.githubusercontent.com/Pangeli70/apg-uts/master/lib/statics/ApgUtsObj.ts": "ebb7c30e5a67074d6258f31b298899d0edfd6e0ecea430d8e6238918797e77a7",
    "https://raw.githubusercontent.com/Pangeli70/apg-uts/master/lib/statics/ApgUtsStr.ts": "eead22ed0b7c541be94409d4436a86c2b23207d52b7ab0678f2de6cf2047321f",
    "https://raw.githubusercontent.com/Pangeli70/apg-uts/master/lib/types/TApgUtsInteger.ts": "03f91c916bfbc7f908bc20e3e667f369d84c011e2f3a365f457712a1f71567e0",
    "https://raw.githubusercontent.com/Pangeli70/apg-uts/master/mod.ts": "dd4e4f0266e07fa8bc7e2512393f95e9c2053bfc3018057d52a5ef59e48d5d4e",
    "https://raw.githubusercontent.com/dmpjs/vary/v1.1.0/mod.ts": "67bf3456d7a3e5136f1bacb47c842dd9b586104930bdb96768eb1aa3f7c2ea72",
    "https://raw.githubusercontent.com/dmpjs/vary/v1.1.0/src/append.ts": "cb4819b36591878947af2e608a8a5ecc33a083f5df0f213396268d3305866f70",
    "https://raw.githubusercontent.com/dmpjs/vary/v1.1.0/src/vary.ts": "f58c714b97dada334055d21c31aec9034628609ad3ed39309028eb95df2b3ad9"
  }
}
